
Microsoft Visual Studio Solution File, Format Version 12.00
# Visual Studio Version 17
VisualStudioVersion = 17.3.32929.385
MinimumVisualStudioVersion = 10.0.40219.1
Project("{FAE04EC0-301F-11D3-BF4B-00C04F79EFBC}") = "ShoppingSpree", "3.Shopping Spree\ShoppingSpree.csproj", "{23C04AEF-A23F-4017-8E73-5C33853F6AD1}"
EndProject
Project("{FAE04EC0-301F-11D3-BF4B-00C04F79EFBC}") = "PizzaCalories", "Pizza Calories\PizzaCalories.csproj", "{C1EFC349-A9E5-4CAE-B169-95FD1C8661B9}"
EndProject
Global
	GlobalSection(SolutionConfigurationPlatforms) = preSolution
		Debug|Any CPU = Debug|Any CPU
		Release|Any CPU = Release|Any CPU
	EndGlobalSection
	GlobalSection(ProjectConfigurationPlatforms) = postSolution
		{23C04AEF-A23F-4017-8E73-5C33853F6AD1}.Debug|Any CPU.ActiveCfg = Debug|Any CPU
		{23C04AEF-A23F-4017-8E73-5C33853F6AD1}.Debug|Any CPU.Build.0 = Debug|Any CPU
		{23C04AEF-A23F-4017-8E73-5C33853F6AD1}.Release|Any CPU.ActiveCfg = Release|Any CPU
		{23C04AEF-A23F-4017-8E73-5C33853F6AD1}.Release|Any CPU.Build.0 = Release|Any CPU
		{C1EFC349-A9E5-4CAE-B169-95FD1C8661B9}.Debug|Any CPU.ActiveCfg = Debug|Any CPU
		{C1EFC349-A9E5-4CAE-B169-95FD1C8661B9}.Debug|Any CPU.Build.0 = Debug|Any CPU
		{C1EFC349-A9E5-4CAE-B169-95FD1C8661B9}.Release|Any CPU.ActiveCfg = Release|Any CPU
		{C1EFC349-A9E5-4CAE-B169-95FD1C8661B9}.Release|Any CPU.Build.0 = Release|Any CPU
	EndGlobalSection
	GlobalSection(SolutionProperties) = preSolution
		HideSolutionNode = FALSE
	EndGlobalSection
	GlobalSection(ExtensibilityGlobals) = postSolution
		SolutionGuid = {6F28F8A7-3277-4C32-AF8E-2FEFF740A5C3}
	EndGlobalSection
EndGlobal
