
Microsoft Visual Studio Solution File, Format Version 12.00
# Visual Studio Version 17
VisualStudioVersion = 17.3.32929.385
MinimumVisualStudioVersion = 10.0.40219.1
Project("{FAE04EC0-301F-11D3-BF4B-00C04F79EFBC}") = "MilitaryElite", "MilitaryElite\MilitaryElite.csproj", "{31220537-0EBA-4561-9FC7-931CB5365BA5}"
EndProject
Global
	GlobalSection(SolutionConfigurationPlatforms) = preSolution
		Debug|Any CPU = Debug|Any CPU
		Release|Any CPU = Release|Any CPU
	EndGlobalSection
	GlobalSection(ProjectConfigurationPlatforms) = postSolution
		{31220537-0EBA-4561-9FC7-931CB5365BA5}.Debug|Any CPU.ActiveCfg = Debug|Any CPU
		{31220537-0EBA-4561-9FC7-931CB5365BA5}.Debug|Any CPU.Build.0 = Debug|Any CPU
		{31220537-0EBA-4561-9FC7-931CB5365BA5}.Release|Any CPU.ActiveCfg = Release|Any CPU
		{31220537-0EBA-4561-9FC7-931CB5365BA5}.Release|Any CPU.Build.0 = Release|Any CPU
	EndGlobalSection
	GlobalSection(SolutionProperties) = preSolution
		HideSolutionNode = FALSE
	EndGlobalSection
	GlobalSection(ExtensibilityGlobals) = postSolution
		SolutionGuid = {1D53AD43-4BC3-43DC-B841-A1DA08B48CD0}
	EndGlobalSection
EndGlobal
