
Microsoft Visual Studio Solution File, Format Version 12.00
# Visual Studio Version 17
VisualStudioVersion = 17.3.32929.385
MinimumVisualStudioVersion = 10.0.40219.1
Project("{FAE04EC0-301F-11D3-BF4B-00C04F79EFBC}") = "Shapes", "Shapes\Shapes.csproj", "{5B204493-8573-471D-B9D9-4561848F906C}"
EndProject
Project("{FAE04EC0-301F-11D3-BF4B-00C04F79EFBC}") = "Cars", "Cars\Cars.csproj", "{276C7BDB-BA14-4219-965F-D40F712798BF}"
EndProject
Global
	GlobalSection(SolutionConfigurationPlatforms) = preSolution
		Debug|Any CPU = Debug|Any CPU
		Release|Any CPU = Release|Any CPU
	EndGlobalSection
	GlobalSection(ProjectConfigurationPlatforms) = postSolution
		{5B204493-8573-471D-B9D9-4561848F906C}.Debug|Any CPU.ActiveCfg = Debug|Any CPU
		{5B204493-8573-471D-B9D9-4561848F906C}.Debug|Any CPU.Build.0 = Debug|Any CPU
		{5B204493-8573-471D-B9D9-4561848F906C}.Release|Any CPU.ActiveCfg = Release|Any CPU
		{5B204493-8573-471D-B9D9-4561848F906C}.Release|Any CPU.Build.0 = Release|Any CPU
		{276C7BDB-BA14-4219-965F-D40F712798BF}.Debug|Any CPU.ActiveCfg = Debug|Any CPU
		{276C7BDB-BA14-4219-965F-D40F712798BF}.Debug|Any CPU.Build.0 = Debug|Any CPU
		{276C7BDB-BA14-4219-965F-D40F712798BF}.Release|Any CPU.ActiveCfg = Release|Any CPU
		{276C7BDB-BA14-4219-965F-D40F712798BF}.Release|Any CPU.Build.0 = Release|Any CPU
	EndGlobalSection
	GlobalSection(SolutionProperties) = preSolution
		HideSolutionNode = FALSE
	EndGlobalSection
	GlobalSection(ExtensibilityGlobals) = postSolution
		SolutionGuid = {A6BEC983-D636-4FE9-B3D4-4ABF6406529F}
	EndGlobalSection
EndGlobal
